
Microsoft Visual Studio Solution File, Format Version 12.00
# Visual Studio 15
Project("{FAE04EC0-301F-11D3-BF4B-00C04F79EFBC}") = "Assembly-CSharp", "Assembly-CSharp.csproj", "{FB386737-7588-4356-F2A4-E30DEE55D0CE}"
EndProject
Project("{FAE04EC0-301F-11D3-BF4B-00C04F79EFBC}") = "DOTween.Modules", "DOTween.Modules.csproj", "{848913AB-CBE3-E567-B9BE-4E490974CC33}"
EndProject
Global
	GlobalSection(SolutionConfigurationPlatforms) = preSolution
		Debug|Any CPU = Debug|Any CPU
		Release|Any CPU = Release|Any CPU
	EndGlobalSection
	GlobalSection(ProjectConfigurationPlatforms) = postSolution
		{FB386737-7588-4356-F2A4-E30DEE55D0CE}.Debug|Any CPU.ActiveCfg = Debug|Any CPU
		{FB386737-7588-4356-F2A4-E30DEE55D0CE}.Debug|Any CPU.Build.0 = Debug|Any CPU
		{FB386737-7588-4356-F2A4-E30DEE55D0CE}.Release|Any CPU.ActiveCfg = Release|Any CPU
		{FB386737-7588-4356-F2A4-E30DEE55D0CE}.Release|Any CPU.Build.0 = Release|Any CPU
		{848913AB-CBE3-E567-B9BE-4E490974CC33}.Debug|Any CPU.ActiveCfg = Debug|Any CPU
		{848913AB-CBE3-E567-B9BE-4E490974CC33}.Debug|Any CPU.Build.0 = Debug|Any CPU
		{848913AB-CBE3-E567-B9BE-4E490974CC33}.Release|Any CPU.ActiveCfg = Release|Any CPU
		{848913AB-CBE3-E567-B9BE-4E490974CC33}.Release|Any CPU.Build.0 = Release|Any CPU
	EndGlobalSection
	GlobalSection(SolutionProperties) = preSolution
		HideSolutionNode = FALSE
	EndGlobalSection
EndGlobal
